# This file is automatically @generated by Cargo.
# It is not intended for manual editing.
version = 4

[[package]]
name = "armv4t"
version = "0.1.0"

[[package]]
name = "machine"
version = "0.1.0"
dependencies = [
 "armv4t",
]

[[package]]
name = "recomp"
version = "0.1.0"
dependencies = [
 "armv4t",
 "machine",
]
